// !$*UTF8*$!
{
	archiveVersion = 1;
	classes = {
	};
	objectVersion = 56;
	objects = {

/* Begin PBXBuildFile section */
		B24F0FB12C3BF76E00CADF2F /* OpenViewController.swift in Sources */ = {isa = PBXBuildFile; fileRef = B24F0FB02C3BF76E00CADF2F /* OpenViewController.swift */; };
		B2819C412C3C742200CFAF97 /* EndViewController.swift in Sources */ = {isa = PBXBuildFile; fileRef = B2819C402C3C742200CFAF97 /* EndViewController.swift */; };
		B2819C432C3C99A800CFAF97 /* tick.mp3 in Resources */ = {isa = PBXBuildFile; fileRef = B2819C422C3C99A800CFAF97 /* tick.mp3 */; };
		B2819C442C3C9D2D00CFAF97 /* tick.mp3 in Resources */ = {isa = PBXBuildFile; fileRef = B2819C422C3C99A800CFAF97 /* tick.mp3 */; };
		FA1C90982C342D89003AE94D /* AppDelegate.swift in Sources */ = {isa = PBXBuildFile; fileRef = FA1C90972C342D89003AE94D /* AppDelegate.swift */; };
		FA1C909A2C342D89003AE94D /* SceneDelegate.swift in Sources */ = {isa = PBXBuildFile; fileRef = FA1C90992C342D89003AE94D /* SceneDelegate.swift */; };
		FA1C909C2C342D89003AE94D /* ViewController.swift in Sources */ = {isa = PBXBuildFile; fileRef = FA1C909B2C342D89003AE94D /* ViewController.swift */; };
		FA1C909F2C342D89003AE94D /* Base in Resources */ = {isa = PBXBuildFile; fileRef = FA1C909E2C342D89003AE94D /* Base */; };
		FA1C90A12C342D8A003AE94D /* Assets.xcassets in Resources */ = {isa = PBXBuildFile; fileRef = FA1C90A02C342D8A003AE94D /* Assets.xcassets */; };
		FA1C90A42C342D8A003AE94D /* Base in Resources */ = {isa = PBXBuildFile; fileRef = FA1C90A32C342D8A003AE94D /* Base */; };
		FA1C90AF2C342D8A003AE94D /* IosCardGameTests.swift in Sources */ = {isa = PBXBuildFile; fileRef = FA1C90AE2C342D8A003AE94D /* IosCardGameTests.swift */; };
		FA1C90B92C342D8A003AE94D /* IosCardGameUITests.swift in Sources */ = {isa = PBXBuildFile; fileRef = FA1C90B82C342D8A003AE94D /* IosCardGameUITests.swift */; };
		FA1C90BB2C342D8A003AE94D /* IosCardGameUITestsLaunchTests.swift in Sources */ = {isa = PBXBuildFile; fileRef = FA1C90BA2C342D8A003AE94D /* IosCardGameUITestsLaunchTests.swift */; };
		FA82C4FF2C352C4000626CBC /* StepDetector.swift in Sources */ = {isa = PBXBuildFile; fileRef = FA82C4FD2C3524CC00626CBC /* StepDetector.swift */; };
/* End PBXBuildFile section */

/* Begin PBXContainerItemProxy section */
		FA1C90AB2C342D8A003AE94D /* PBXContainerItemProxy */ = {
			isa = PBXContainerItemProxy;
			containerPortal = FA1C908C2C342D89003AE94D /* Project object */;
			proxyType = 1;
			remoteGlobalIDString = FA1C90932C342D89003AE94D;
			remoteInfo = IosCardGame;
		};
		FA1C90B52C342D8A003AE94D /* PBXContainerItemProxy */ = {
			isa = PBXContainerItemProxy;
			containerPortal = FA1C908C2C342D89003AE94D /* Project object */;
			proxyType = 1;
			remoteGlobalIDString = FA1C90932C342D89003AE94D;
			remoteInfo = IosCardGame;
		};
/* End PBXContainerItemProxy section */

/* Begin PBXFileReference section */
		B24F0FB02C3BF76E00CADF2F /* OpenViewController.swift */ = {isa = PBXFileReference; lastKnownFileType = sourcecode.swift; path = OpenViewController.swift; sourceTree = "<group>"; };
		B2819C402C3C742200CFAF97 /* EndViewController.swift */ = {isa = PBXFileReference; lastKnownFileType = sourcecode.swift; path = EndViewController.swift; sourceTree = "<group>"; };
		B2819C422C3C99A800CFAF97 /* tick.mp3 */ = {isa = PBXFileReference; lastKnownFileType = audio.mp3; path = tick.mp3; sourceTree = "<group>"; };
		FA1C90942C342D89003AE94D /* IosCardGame.app */ = {isa = PBXFileReference; explicitFileType = wrapper.application; includeInIndex = 0; path = IosCardGame.app; sourceTree = BUILT_PRODUCTS_DIR; };
		FA1C90972C342D89003AE94D /* AppDelegate.swift */ = {isa = PBXFileReference; lastKnownFileType = sourcecode.swift; path = AppDelegate.swift; sourceTree = "<group>"; };
		FA1C90992C342D89003AE94D /* SceneDelegate.swift */ = {isa = PBXFileReference; lastKnownFileType = sourcecode.swift; path = SceneDelegate.swift; sourceTree = "<group>"; };
		FA1C909B2C342D89003AE94D /* ViewController.swift */ = {isa = PBXFileReference; lastKnownFileType = sourcecode.swift; path = ViewController.swift; sourceTree = "<group>"; };
		FA1C909E2C342D89003AE94D /* Base */ = {isa = PBXFileReference; lastKnownFileType = file.storyboard; name = Base; path = Base.lproj/Main.storyboard; sourceTree = "<group>"; };
		FA1C90A02C342D8A003AE94D /* Assets.xcassets */ = {isa = PBXFileReference; lastKnownFileType = folder.assetcatalog; path = Assets.xcassets; sourceTree = "<group>"; };
		FA1C90A32C342D8A003AE94D /* Base */ = {isa = PBXFileReference; lastKnownFileType = file.storyboard; name = Base; path = Base.lproj/LaunchScreen.storyboard; sourceTree = "<group>"; };
		FA1C90A52C342D8A003AE94D /* Info.plist */ = {isa = PBXFileReference; lastKnownFileType = text.plist.xml; path = Info.plist; sourceTree = "<group>"; };
		FA1C90AA2C342D8A003AE94D /* IosCardGameTests.xctest */ = {isa = PBXFileReference; explicitFileType = wrapper.cfbundle; includeInIndex = 0; path = IosCardGameTests.xctest; sourceTree = BUILT_PRODUCTS_DIR; };
		FA1C90AE2C342D8A003AE94D /* IosCardGameTests.swift */ = {isa = PBXFileReference; lastKnownFileType = sourcecode.swift; path = IosCardGameTests.swift; sourceTree = "<group>"; };
		FA1C90B42C342D8A003AE94D /* IosCardGameUITests.xctest */ = {isa = PBXFileReference; explicitFileType = wrapper.cfbundle; includeInIndex = 0; path = IosCardGameUITests.xctest; sourceTree = BUILT_PRODUCTS_DIR; };
		FA1C90B82C342D8A003AE94D /* IosCardGameUITests.swift */ = {isa = PBXFileReference; lastKnownFileType = sourcecode.swift; path = IosCardGameUITests.swift; sourceTree = "<group>"; };
		FA1C90BA2C342D8A003AE94D /* IosCardGameUITestsLaunchTests.swift */ = {isa = PBXFileReference; lastKnownFileType = sourcecode.swift; path = IosCardGameUITestsLaunchTests.swift; sourceTree = "<group>"; };
		FA82C4FD2C3524CC00626CBC /* StepDetector.swift */ = {isa = PBXFileReference; lastKnownFileType = sourcecode.swift; path = StepDetector.swift; sourceTree = "<group>"; };
/* End PBXFileReference section */

/* Begin PBXFrameworksBuildPhase section */
		FA1C90912C342D89003AE94D /* Frameworks */ = {
			isa = PBXFrameworksBuildPhase;
			buildActionMask = 2147483647;
			files = (
			);
			runOnlyForDeploymentPostprocessing = 0;
		};
		FA1C90A72C342D8A003AE94D /* Frameworks */ = {
			isa = PBXFrameworksBuildPhase;
			buildActionMask = 2147483647;
			files = (
			);
			runOnlyForDeploymentPostprocessing = 0;
		};
		FA1C90B12C342D8A003AE94D /* Frameworks */ = {
			isa = PBXFrameworksBuildPhase;
			buildActionMask = 2147483647;
			files = (
			);
			runOnlyForDeploymentPostprocessing = 0;
		};
/* End PBXFrameworksBuildPhase section */

/* Begin PBXGroup section */
		FA1C908B2C342D89003AE94D = {
			isa = PBXGroup;
			children = (
				FA1C90962C342D89003AE94D /* IosCardGame */,
				FA1C90AD2C342D8A003AE94D /* IosCardGameTests */,
				FA1C90B72C342D8A003AE94D /* IosCardGameUITests */,
				FA1C90952C342D89003AE94D /* Products */,
			);
			sourceTree = "<group>";
		};
		FA1C90952C342D89003AE94D /* Products */ = {
			isa = PBXGroup;
			children = (
				FA1C90942C342D89003AE94D /* IosCardGame.app */,
				FA1C90AA2C342D8A003AE94D /* IosCardGameTests.xctest */,
				FA1C90B42C342D8A003AE94D /* IosCardGameUITests.xctest */,
			);
			name = Products;
			sourceTree = "<group>";
		};
		FA1C90962C342D89003AE94D /* IosCardGame */ = {
			isa = PBXGroup;
			children = (
				FA1C90972C342D89003AE94D /* AppDelegate.swift */,
				FA1C90992C342D89003AE94D /* SceneDelegate.swift */,
				FA1C909B2C342D89003AE94D /* ViewController.swift */,
				B24F0FB02C3BF76E00CADF2F /* OpenViewController.swift */,
				B2819C402C3C742200CFAF97 /* EndViewController.swift */,
				FA82C4FD2C3524CC00626CBC /* StepDetector.swift */,
				FA1C909D2C342D89003AE94D /* Main.storyboard */,
				FA1C90A02C342D8A003AE94D /* Assets.xcassets */,
				FA1C90A22C342D8A003AE94D /* LaunchScreen.storyboard */,
				FA1C90A52C342D8A003AE94D /* Info.plist */,
				B2819C422C3C99A800CFAF97 /* tick.mp3 */,
			);
			path = IosCardGame;
			sourceTree = "<group>";
		};
		FA1C90AD2C342D8A003AE94D /* IosCardGameTests */ = {
			isa = PBXGroup;
			children = (
				FA1C90AE2C342D8A003AE94D /* IosCardGameTests.swift */,
			);
			path = IosCardGameTests;
			sourceTree = "<group>";
		};
		FA1C90B72C342D8A003AE94D /* IosCardGameUITests */ = {
			isa = PBXGroup;
			children = (
				FA1C90B82C342D8A003AE94D /* IosCardGameUITests.swift */,
				FA1C90BA2C342D8A003AE94D /* IosCardGameUITestsLaunchTests.swift */,
			);
			path = IosCardGameUITests;
			sourceTree = "<group>";
		};
/* End PBXGroup section */

/* Begin PBXNativeTarget section */
		FA1C90932C342D89003AE94D /* IosCardGame */ = {
			isa = PBXNativeTarget;
			buildConfigurationList = FA1C90BE2C342D8A003AE94D /* Build configuration list for PBXNativeTarget "IosCardGame" */;
			buildPhases = (
				FA1C90902C342D89003AE94D /* Sources */,
				FA1C90912C342D89003AE94D /* Frameworks */,
				FA1C90922C342D89003AE94D /* Resources */,
			);
			buildRules = (
			);
			dependencies = (
			);
			name = IosCardGame;
			productName = IosCardGame;
			productReference = FA1C90942C342D89003AE94D /* IosCardGame.app */;
			productType = "com.apple.product-type.application";
		};
		FA1C90A92C342D8A003AE94D /* IosCardGameTests */ = {
			isa = PBXNativeTarget;
			buildConfigurationList = FA1C90C12C342D8A003AE94D /* Build configuration list for PBXNativeTarget "IosCardGameTests" */;
			buildPhases = (
				FA1C90A62C342D8A003AE94D /* Sources */,
				FA1C90A72C342D8A003AE94D /* Frameworks */,
				FA1C90A82C342D8A003AE94D /* Resources */,
			);
			buildRules = (
			);
			dependencies = (
				FA1C90AC2C342D8A003AE94D /* PBXTargetDependency */,
			);
			name = IosCardGameTests;
			productName = IosCardGameTests;
			productReference = FA1C90AA2C342D8A003AE94D /* IosCardGameTests.xctest */;
			productType = "com.apple.product-type.bundle.unit-test";
		};
		FA1C90B32C342D8A003AE94D /* IosCardGameUITests */ = {
			isa = PBXNativeTarget;
			buildConfigurationList = FA1C90C42C342D8A003AE94D /* Build configuration list for PBXNativeTarget "IosCardGameUITests" */;
			buildPhases = (
				FA1C90B02C342D8A003AE94D /* Sources */,
				FA1C90B12C342D8A003AE94D /* Frameworks */,
				FA1C90B22C342D8A003AE94D /* Resources */,
			);
			buildRules = (
			);
			dependencies = (
				FA1C90B62C342D8A003AE94D /* PBXTargetDependency */,
			);
			name = IosCardGameUITests;
			productName = IosCardGameUITests;
			productReference = FA1C90B42C342D8A003AE94D /* IosCardGameUITests.xctest */;
			productType = "com.apple.product-type.bundle.ui-testing";
		};
/* End PBXNativeTarget section */

/* Begin PBXProject section */
		FA1C908C2C342D89003AE94D /* Project object */ = {
			isa = PBXProject;
			attributes = {
				BuildIndependentTargetsInParallel = 1;
				LastSwiftUpdateCheck = 1540;
				LastUpgradeCheck = 1540;
				TargetAttributes = {
					FA1C90932C342D89003AE94D = {
						CreatedOnToolsVersion = 15.4;
					};
					FA1C90A92C342D8A003AE94D = {
						CreatedOnToolsVersion = 15.4;
						TestTargetID = FA1C90932C342D89003AE94D;
					};
					FA1C90B32C342D8A003AE94D = {
						CreatedOnToolsVersion = 15.4;
						TestTargetID = FA1C90932C342D89003AE94D;
					};
				};
			};
			buildConfigurationList = FA1C908F2C342D89003AE94D /* Build configuration list for PBXProject "IosCardGame" */;
			compatibilityVersion = "Xcode 14.0";
			developmentRegion = en;
			hasScannedForEncodings = 0;
			knownRegions = (
				en,
				Base,
			);
			mainGroup = FA1C908B2C342D89003AE94D;
			productRefGroup = FA1C90952C342D89003AE94D /* Products */;
			projectDirPath = "";
			projectRoot = "";
			targets = (
				FA1C90932C342D89003AE94D /* IosCardGame */,
				FA1C90A92C342D8A003AE94D /* IosCardGameTests */,
				FA1C90B32C342D8A003AE94D /* IosCardGameUITests */,
			);
		};
/* End PBXProject section */

/* Begin PBXResourcesBuildPhase section */
		FA1C90922C342D89003AE94D /* Resources */ = {
			isa = PBXResourcesBuildPhase;
			buildActionMask = 2147483647;
			files = (
				B2819C442C3C9D2D00CFAF97 /* tick.mp3 in Resources */,
				FA1C90A12C342D8A003AE94D /* Assets.xcassets in Resources */,
				FA1C90A42C342D8A003AE94D /* Base in Resources */,
				FA1C909F2C342D89003AE94D /* Base in Resources */,
			);
			runOnlyForDeploymentPostprocessing = 0;
		};
		FA1C90A82C342D8A003AE94D /* Resources */ = {
			isa = PBXResourcesBuildPhase;
			buildActionMask = 2147483647;
			files = (
			);
			runOnlyForDeploymentPostprocessing = 0;
		};
		FA1C90B22C342D8A003AE94D /* Resources */ = {
			isa = PBXResourcesBuildPhase;
			buildActionMask = 2147483647;
			files = (
				B2819C432C3C99A800CFAF97 /* tick.mp3 in Resources */,
			);
			runOnlyForDeploymentPostprocessing = 0;
		};
/* End PBXResourcesBuildPhase section */

/* Begin PBXSourcesBuildPhase section */
		FA1C90902C342D89003AE94D /* Sources */ = {
			isa = PBXSourcesBuildPhase;
			buildActionMask = 2147483647;
			files = (
				B2819C412C3C742200CFAF97 /* EndViewController.swift in Sources */,
				FA1C909C2C342D89003AE94D /* ViewController.swift in Sources */,
				FA1C90982C342D89003AE94D /* AppDelegate.swift in Sources */,
				FA1C909A2C342D89003AE94D /* SceneDelegate.swift in Sources */,
				FA82C4FF2C352C4000626CBC /* StepDetector.swift in Sources */,
				B24F0FB12C3BF76E00CADF2F /* OpenViewController.swift in Sources */,
			);
			runOnlyForDeploymentPostprocessing = 0;
		};
		FA1C90A62C342D8A003AE94D /* Sources */ = {
			isa = PBXSourcesBuildPhase;
			buildActionMask = 2147483647;
			files = (
				FA1C90AF2C342D8A003AE94D /* IosCardGameTests.swift in Sources */,
			);
			runOnlyForDeploymentPostprocessing = 0;
		};
		FA1C90B02C342D8A003AE94D /* Sources */ = {
			isa = PBXSourcesBuildPhase;
			buildActionMask = 2147483647;
			files = (
				FA1C90BB2C342D8A003AE94D /* IosCardGameUITestsLaunchTests.swift in Sources */,
				FA1C90B92C342D8A003AE94D /* IosCardGameUITests.swift in Sources */,
			);
			runOnlyForDeploymentPostprocessing = 0;
		};
/* End PBXSourcesBuildPhase section */

/* Begin PBXTargetDependency section */
		FA1C90AC2C342D8A003AE94D /* PBXTargetDependency */ = {
			isa = PBXTargetDependency;
			target = FA1C90932C342D89003AE94D /* IosCardGame */;
			targetProxy = FA1C90AB2C342D8A003AE94D /* PBXContainerItemProxy */;
		};
		FA1C90B62C342D8A003AE94D /* PBXTargetDependency */ = {
			isa = PBXTargetDependency;
			target = FA1C90932C342D89003AE94D /* IosCardGame */;
			targetProxy = FA1C90B52C342D8A003AE94D /* PBXContainerItemProxy */;
		};
/* End PBXTargetDependency section */

/* Begin PBXVariantGroup section */
		FA1C909D2C342D89003AE94D /* Main.storyboard */ = {
			isa = PBXVariantGroup;
			children = (
				FA1C909E2C342D89003AE94D /* Base */,
			);
			name = Main.storyboard;
			sourceTree = "<group>";
		};
		FA1C90A22C342D8A003AE94D /* LaunchScreen.storyboard */ = {
			isa = PBXVariantGroup;
			children = (
				FA1C90A32C342D8A003AE94D /* Base */,
			);
			name = LaunchScreen.storyboard;
			sourceTree = "<group>";
		};
/* End PBXVariantGroup section */

/* Begin XCBuildConfiguration section */
		FA1C90BC2C342D8A003AE94D /* Debug */ = {
			isa = XCBuildConfiguration;
			buildSettings = {
				ALWAYS_SEARCH_USER_PATHS = NO;
				ASSETCATALOG_COMPILER_GENERATE_SWIFT_ASSET_SYMBOL_EXTENSIONS = YES;
				CLANG_ANALYZER_NONNULL = YES;
				CLANG_ANALYZER_NUMBER_OBJECT_CONVERSION = YES_AGGRESSIVE;
				CLANG_CXX_LANGUAGE_STANDARD = "gnu++20";
				CLANG_ENABLE_MODULES = YES;
				CLANG_ENABLE_OBJC_ARC = YES;
				CLANG_ENABLE_OBJC_WEAK = YES;
				CLANG_WARN_BLOCK_CAPTURE_AUTORELEASING = YES;
				CLANG_WARN_BOOL_CONVERSION = YES;
				CLANG_WARN_COMMA = YES;
				CLANG_WARN_CONSTANT_CONVERSION = YES;
				CLANG_WARN_DEPRECATED_OBJC_IMPLEMENTATIONS = YES;
				CLANG_WARN_DIRECT_OBJC_ISA_USAGE = YES_ERROR;
				CLANG_WARN_DOCUMENTATION_COMMENTS = YES;
				CLANG_WARN_EMPTY_BODY = YES;
				CLANG_WARN_ENUM_CONVERSION = YES;
				CLANG_WARN_INFINITE_RECURSION = YES;
				CLANG_WARN_INT_CONVERSION = YES;
				CLANG_WARN_NON_LITERAL_NULL_CONVERSION = YES;
				CLANG_WARN_OBJC_IMPLICIT_RETAIN_SELF = YES;
				CLANG_WARN_OBJC_LITERAL_CONVERSION = YES;
				CLANG_WARN_OBJC_ROOT_CLASS = YES_ERROR;
				CLANG_WARN_QUOTED_INCLUDE_IN_FRAMEWORK_HEADER = YES;
				CLANG_WARN_RANGE_LOOP_ANALYSIS = YES;
				CLANG_WARN_STRICT_PROTOTYPES = YES;
				CLANG_WARN_SUSPICIOUS_MOVE = YES;
				CLANG_WARN_UNGUARDED_AVAILABILITY = YES_AGGRESSIVE;
				CLANG_WARN_UNREACHABLE_CODE = YES;
				CLANG_WARN__DUPLICATE_METHOD_MATCH = YES;
				COPY_PHASE_STRIP = NO;
				DEBUG_INFORMATION_FORMAT = dwarf;
				ENABLE_STRICT_OBJC_MSGSEND = YES;
				ENABLE_TESTABILITY = YES;
				ENABLE_USER_SCRIPT_SANDBOXING = YES;
				GCC_C_LANGUAGE_STANDARD = gnu17;
				GCC_DYNAMIC_NO_PIC = NO;
				GCC_NO_COMMON_BLOCKS = YES;
				GCC_OPTIMIZATION_LEVEL = 0;
				GCC_PREPROCESSOR_DEFINITIONS = (
					"DEBUG=1",
					"$(inherited)",
				);
				GCC_WARN_64_TO_32_BIT_CONVERSION = YES;
				GCC_WARN_ABOUT_RETURN_TYPE = YES_ERROR;
				GCC_WARN_UNDECLARED_SELECTOR = YES;
				GCC_WARN_UNINITIALIZED_AUTOS = YES_AGGRESSIVE;
				GCC_WARN_UNUSED_FUNCTION = YES;
				GCC_WARN_UNUSED_VARIABLE = YES;
				IPHONEOS_DEPLOYMENT_TARGET = 17.5;
				LOCALIZATION_PREFERS_STRING_CATALOGS = YES;
				MTL_ENABLE_DEBUG_INFO = INCLUDE_SOURCE;
				MTL_FAST_MATH = YES;
				ONLY_ACTIVE_ARCH = YES;
				SDKROOT = iphoneos;
				SWIFT_ACTIVE_COMPILATION_CONDITIONS = "DEBUG $(inherited)";
				SWIFT_OPTIMIZATION_LEVEL = "-Onone";
			};
			name = Debug;
		};
		FA1C90BD2C342D8A003AE94D /* Release */ = {
			isa = XCBuildConfiguration;
			buildSettings = {
				ALWAYS_SEARCH_USER_PATHS = NO;
				ASSETCATALOG_COMPILER_GENERATE_SWIFT_ASSET_SYMBOL_EXTENSIONS = YES;
				CLANG_ANALYZER_NONNULL = YES;
				CLANG_ANALYZER_NUMBER_OBJECT_CONVERSION = YES_AGGRESSIVE;
				CLANG_CXX_LANGUAGE_STANDARD = "gnu++20";
				CLANG_ENABLE_MODULES = YES;
				CLANG_ENABLE_OBJC_ARC = YES;
				CLANG_ENABLE_OBJC_WEAK = YES;
				CLANG_WARN_BLOCK_CAPTURE_AUTORELEASING = YES;
				CLANG_WARN_BOOL_CONVERSION = YES;
				CLANG_WARN_COMMA = YES;
				CLANG_WARN_CONSTANT_CONVERSION = YES;
				CLANG_WARN_DEPRECATED_OBJC_IMPLEMENTATIONS = YES;
				CLANG_WARN_DIRECT_OBJC_ISA_USAGE = YES_ERROR;
				CLANG_WARN_DOCUMENTATION_COMMENTS = YES;
				CLANG_WARN_EMPTY_BODY = YES;
				CLANG_WARN_ENUM_CONVERSION = YES;
				CLANG_WARN_INFINITE_RECURSION = YES;
				CLANG_WARN_INT_CONVERSION = YES;
				CLANG_WARN_NON_LITERAL_NULL_CONVERSION = YES;
				CLANG_WARN_OBJC_IMPLICIT_RETAIN_SELF = YES;
				CLANG_WARN_OBJC_LITERAL_CONVERSION = YES;
				CLANG_WARN_OBJC_ROOT_CLASS = YES_ERROR;
				CLANG_WARN_QUOTED_INCLUDE_IN_FRAMEWORK_HEADER = YES;
				CLANG_WARN_RANGE_LOOP_ANALYSIS = YES;
				CLANG_WARN_STRICT_PROTOTYPES = YES;
				CLANG_WARN_SUSPICIOUS_MOVE = YES;
				CLANG_WARN_UNGUARDED_AVAILABILITY = YES_AGGRESSIVE;
				CLANG_WARN_UNREACHABLE_CODE = YES;
				CLANG_WARN__DUPLICATE_METHOD_MATCH = YES;
				COPY_PHASE_STRIP = NO;
				DEBUG_INFORMATION_FORMAT = "dwarf-with-dsym";
				ENABLE_NS_ASSERTIONS = NO;
				ENABLE_STRICT_OBJC_MSGSEND = YES;
				ENABLE_USER_SCRIPT_SANDBOXING = YES;
				GCC_C_LANGUAGE_STANDARD = gnu17;
				GCC_NO_COMMON_BLOCKS = YES;
				GCC_WARN_64_TO_32_BIT_CONVERSION = YES;
				GCC_WARN_ABOUT_RETURN_TYPE = YES_ERROR;
				GCC_WARN_UNDECLARED_SELECTOR = YES;
				GCC_WARN_UNINITIALIZED_AUTOS = YES_AGGRESSIVE;
				GCC_WARN_UNUSED_FUNCTION = YES;
				GCC_WARN_UNUSED_VARIABLE = YES;
				IPHONEOS_DEPLOYMENT_TARGET = 17.5;
				LOCALIZATION_PREFERS_STRING_CATALOGS = YES;
				MTL_ENABLE_DEBUG_INFO = NO;
				MTL_FAST_MATH = YES;
				SDKROOT = iphoneos;
				SWIFT_COMPILATION_MODE = wholemodule;
				VALIDATE_PRODUCT = YES;
			};
			name = Release;
		};
		FA1C90BF2C342D8A003AE94D /* Debug */ = {
			isa = XCBuildConfiguration;
			buildSettings = {
				ASSETCATALOG_COMPILER_APPICON_NAME = AppIcon;
				ASSETCATALOG_COMPILER_GLOBAL_ACCENT_COLOR_NAME = AccentColor;
				CODE_SIGN_STYLE = Automatic;
				CURRENT_PROJECT_VERSION = 1;
				DEVELOPMENT_TEAM = 46VHV79JBT;
				GENERATE_INFOPLIST_FILE = YES;
				INFOPLIST_FILE = IosCardGame/Info.plist;
				INFOPLIST_KEY_NSLocationWhenInUseUsageDescription = "to get your location";
				INFOPLIST_KEY_UIApplicationSupportsIndirectInputEvents = YES;
				INFOPLIST_KEY_UILaunchStoryboardName = LaunchScreen;
				INFOPLIST_KEY_UIMainStoryboardFile = Main;
				INFOPLIST_KEY_UISupportedInterfaceOrientations = UIInterfaceOrientationPortrait;
				INFOPLIST_KEY_UIUserInterfaceStyle = Light;
				LD_RUNPATH_SEARCH_PATHS = (
					"$(inherited)",
					"@executable_path/Frameworks",
				);
				MARKETING_VERSION = 1.0;
				PRODUCT_BUNDLE_IDENTIFIER = "Ios--CardGame.IosCardGame";
				PRODUCT_NAME = "$(TARGET_NAME)";
				SWIFT_EMIT_LOC_STRINGS = YES;
				SWIFT_VERSION = 5.0;
				TARGETED_DEVICE_FAMILY = "1,2";
			};
			name = Debug;
		};
		FA1C90C02C342D8A003AE94D /* Release */ = {
			isa = XCBuildConfiguration;
			buildSettings = {
				ASSETCATALOG_COMPILER_APPICON_NAME = AppIcon;
				ASSETCATALOG_COMPILER_GLOBAL_ACCENT_COLOR_NAME = AccentColor;
				CODE_SIGN_STYLE = Automatic;
				CURRENT_PROJECT_VERSION = 1;
				DEVELOPMENT_TEAM = 46VHV79JBT;
				GENERATE_INFOPLIST_FILE = YES;
				INFOPLIST_FILE = IosCardGame/Info.plist;
				INFOPLIST_KEY_NSLocationWhenInUseUsageDescription = "to get your location";
				INFOPLIST_KEY_UIApplicationSupportsIndirectInputEvents = YES;
				INFOPLIST_KEY_UILaunchStoryboardName = LaunchScreen;
				INFOPLIST_KEY_UIMainStoryboardFile = Main;
				INFOPLIST_KEY_UISupportedInterfaceOrientations = UIInterfaceOrientationPortrait;
				INFOPLIST_KEY_UIUserInterfaceStyle = Light;
				LD_RUNPATH_SEARCH_PATHS = (
					"$(inherited)",
					"@executable_path/Frameworks",
				);
				MARKETING_VERSION = 1.0;
				PRODUCT_BUNDLE_IDENTIFIER = "Ios--CardGame.IosCardGame";
				PRODUCT_NAME = "$(TARGET_NAME)";
				SWIFT_EMIT_LOC_STRINGS = YES;
				SWIFT_VERSION = 5.0;
				TARGETED_DEVICE_FAMILY = "1,2";
			};
			name = Release;
		};
		FA1C90C22C342D8A003AE94D /* Debug */ = {
			isa = XCBuildConfiguration;
			buildSettings = {
				ALWAYS_EMBED_SWIFT_STANDARD_LIBRARIES = YES;
				BUNDLE_LOADER = "$(TEST_HOST)";
				CODE_SIGN_STYLE = Automatic;
				CURRENT_PROJECT_VERSION = 1;
				GENERATE_INFOPLIST_FILE = YES;
				IPHONEOS_DEPLOYMENT_TARGET = 17.5;
				MARKETING_VERSION = 1.0;
				PRODUCT_BUNDLE_IDENTIFIER = "Ios--CardGame.IosCardGameTests";
				PRODUCT_NAME = "$(TARGET_NAME)";
				SWIFT_EMIT_LOC_STRINGS = NO;
				SWIFT_VERSION = 5.0;
				TARGETED_DEVICE_FAMILY = "1,2";
				TEST_HOST = "$(BUILT_PRODUCTS_DIR)/IosCardGame.app/$(BUNDLE_EXECUTABLE_FOLDER_PATH)/IosCardGame";
			};
			name = Debug;
		};
		FA1C90C32C342D8A003AE94D /* Release */ = {
			isa = XCBuildConfiguration;
			buildSettings = {
				ALWAYS_EMBED_SWIFT_STANDARD_LIBRARIES = YES;
				BUNDLE_LOADER = "$(TEST_HOST)";
				CODE_SIGN_STYLE = Automatic;
				CURRENT_PROJECT_VERSION = 1;
				GENERATE_INFOPLIST_FILE = YES;
				IPHONEOS_DEPLOYMENT_TARGET = 17.5;
				MARKETING_VERSION = 1.0;
				PRODUCT_BUNDLE_IDENTIFIER = "Ios--CardGame.IosCardGameTests";
				PRODUCT_NAME = "$(TARGET_NAME)";
				SWIFT_EMIT_LOC_STRINGS = NO;
				SWIFT_VERSION = 5.0;
				TARGETED_DEVICE_FAMILY = "1,2";
				TEST_HOST = "$(BUILT_PRODUCTS_DIR)/IosCardGame.app/$(BUNDLE_EXECUTABLE_FOLDER_PATH)/IosCardGame";
			};
			name = Release;
		};
		FA1C90C52C342D8A003AE94D /* Debug */ = {
			isa = XCBuildConfiguration;
			buildSettings = {
				ALWAYS_EMBED_SWIFT_STANDARD_LIBRARIES = YES;
				CODE_SIGN_STYLE = Automatic;
				CURRENT_PROJECT_VERSION = 1;
				GENERATE_INFOPLIST_FILE = YES;
				MARKETING_VERSION = 1.0;
				PRODUCT_BUNDLE_IDENTIFIER = "Ios--CardGame.IosCardGameUITests";
				PRODUCT_NAME = "$(TARGET_NAME)";
				SWIFT_EMIT_LOC_STRINGS = NO;
				SWIFT_VERSION = 5.0;
				TARGETED_DEVICE_FAMILY = "1,2";
				TEST_TARGET_NAME = IosCardGame;
			};
			name = Debug;
		};
		FA1C90C62C342D8A003AE94D /* Release */ = {
			isa = XCBuildConfiguration;
			buildSettings = {
				ALWAYS_EMBED_SWIFT_STANDARD_LIBRARIES = YES;
				CODE_SIGN_STYLE = Automatic;
				CURRENT_PROJECT_VERSION = 1;
				GENERATE_INFOPLIST_FILE = YES;
				MARKETING_VERSION = 1.0;
				PRODUCT_BUNDLE_IDENTIFIER = "Ios--CardGame.IosCardGameUITests";
				PRODUCT_NAME = "$(TARGET_NAME)";
				SWIFT_EMIT_LOC_STRINGS = NO;
				SWIFT_VERSION = 5.0;
				TARGETED_DEVICE_FAMILY = "1,2";
				TEST_TARGET_NAME = IosCardGame;
			};
			name = Release;
		};
/* End XCBuildConfiguration section */

/* Begin XCConfigurationList section */
		FA1C908F2C342D89003AE94D /* Build configuration list for PBXProject "IosCardGame" */ = {
			isa = XCConfigurationList;
			buildConfigurations = (
				FA1C90BC2C342D8A003AE94D /* Debug */,
				FA1C90BD2C342D8A003AE94D /* Release */,
			);
			defaultConfigurationIsVisible = 0;
			defaultConfigurationName = Release;
		};
		FA1C90BE2C342D8A003AE94D /* Build configuration list for PBXNativeTarget "IosCardGame" */ = {
			isa = XCConfigurationList;
			buildConfigurations = (
				FA1C90BF2C342D8A003AE94D /* Debug */,
				FA1C90C02C342D8A003AE94D /* Release */,
			);
			defaultConfigurationIsVisible = 0;
			defaultConfigurationName = Release;
		};
		FA1C90C12C342D8A003AE94D /* Build configuration list for PBXNativeTarget "IosCardGameTests" */ = {
			isa = XCConfigurationList;
			buildConfigurations = (
				FA1C90C22C342D8A003AE94D /* Debug */,
				FA1C90C32C342D8A003AE94D /* Release */,
			);
			defaultConfigurationIsVisible = 0;
			defaultConfigurationName = Release;
		};
		FA1C90C42C342D8A003AE94D /* Build configuration list for PBXNativeTarget "IosCardGameUITests" */ = {
			isa = XCConfigurationList;
			buildConfigurations = (
				FA1C90C52C342D8A003AE94D /* Debug */,
				FA1C90C62C342D8A003AE94D /* Release */,
			);
			defaultConfigurationIsVisible = 0;
			defaultConfigurationName = Release;
		};
/* End XCConfigurationList section */
	};
	rootObject = FA1C908C2C342D89003AE94D /* Project object */;
}
